
Microsoft Visual Studio Solution File, Format Version 12.00
# Visual Studio Version 17
VisualStudioVersion = 17.9.34902.65
MinimumVisualStudioVersion = 10.0.40219.1
Project("{9A19103F-16F7-4668-BE54-9A1E7A4F7556}") = "CapaPresentacion", "CRUDPRACTICA\CapaPresentacion.csproj", "{8D78CB9D-3C6A-491C-9AB8-8899C30EF65E}"
EndProject
Project("{FAE04EC0-301F-11D3-BF4B-00C04F79EFBC}") = "CapaNegocio", "CapaNegocio\CapaNegocio.csproj", "{FE62E11D-D1FC-436B-AB56-80E0AE7A9AEB}"
EndProject
Project("{FAE04EC0-301F-11D3-BF4B-00C04F79EFBC}") = "CapaDatos", "CapaDatos\CapaDatos.csproj", "{021B4392-D28C-4C28-A44A-1E35D856BBBB}"
EndProject
Global
	GlobalSection(SolutionConfigurationPlatforms) = preSolution
		Debug|Any CPU = Debug|Any CPU
		Release|Any CPU = Release|Any CPU
	EndGlobalSection
	GlobalSection(ProjectConfigurationPlatforms) = postSolution
		{8D78CB9D-3C6A-491C-9AB8-8899C30EF65E}.Debug|Any CPU.ActiveCfg = Debug|Any CPU
		{8D78CB9D-3C6A-491C-9AB8-8899C30EF65E}.Debug|Any CPU.Build.0 = Debug|Any CPU
		{8D78CB9D-3C6A-491C-9AB8-8899C30EF65E}.Release|Any CPU.ActiveCfg = Release|Any CPU
		{8D78CB9D-3C6A-491C-9AB8-8899C30EF65E}.Release|Any CPU.Build.0 = Release|Any CPU
		{FE62E11D-D1FC-436B-AB56-80E0AE7A9AEB}.Debug|Any CPU.ActiveCfg = Debug|Any CPU
		{FE62E11D-D1FC-436B-AB56-80E0AE7A9AEB}.Debug|Any CPU.Build.0 = Debug|Any CPU
		{FE62E11D-D1FC-436B-AB56-80E0AE7A9AEB}.Release|Any CPU.ActiveCfg = Release|Any CPU
		{FE62E11D-D1FC-436B-AB56-80E0AE7A9AEB}.Release|Any CPU.Build.0 = Release|Any CPU
		{021B4392-D28C-4C28-A44A-1E35D856BBBB}.Debug|Any CPU.ActiveCfg = Debug|Any CPU
		{021B4392-D28C-4C28-A44A-1E35D856BBBB}.Debug|Any CPU.Build.0 = Debug|Any CPU
		{021B4392-D28C-4C28-A44A-1E35D856BBBB}.Release|Any CPU.ActiveCfg = Release|Any CPU
		{021B4392-D28C-4C28-A44A-1E35D856BBBB}.Release|Any CPU.Build.0 = Release|Any CPU
	EndGlobalSection
	GlobalSection(SolutionProperties) = preSolution
		HideSolutionNode = FALSE
	EndGlobalSection
	GlobalSection(ExtensibilityGlobals) = postSolution
		SolutionGuid = {60DBAF3A-2D5C-40E7-815C-02B9AA51A772}
	EndGlobalSection
EndGlobal
